
Microsoft Visual Studio Solution File, Format Version 12.00
Project("{FAE04EC0-301F-11D3-BF4B-00C04F79EFBC}") = "TRPEFontGen", "TRPEFontGen\TRPEFontGen.csproj", "{8620BE53-6478-4AD7-9325-C15F44A48B67}"
EndProject
Project("{FAE04EC0-301F-11D3-BF4B-00C04F79EFBC}") = "Example", "Example\Example.csproj", "{4C73E476-9024-4837-8024-54F16ADBF4D0}"
EndProject
Global
	GlobalSection(SolutionConfigurationPlatforms) = preSolution
		Debug|Any CPU = Debug|Any CPU
		Release|Any CPU = Release|Any CPU
	EndGlobalSection
	GlobalSection(ProjectConfigurationPlatforms) = postSolution
		{8620BE53-6478-4AD7-9325-C15F44A48B67}.Debug|Any CPU.ActiveCfg = Debug|Any CPU
		{8620BE53-6478-4AD7-9325-C15F44A48B67}.Debug|Any CPU.Build.0 = Debug|Any CPU
		{8620BE53-6478-4AD7-9325-C15F44A48B67}.Release|Any CPU.ActiveCfg = Release|Any CPU
		{8620BE53-6478-4AD7-9325-C15F44A48B67}.Release|Any CPU.Build.0 = Release|Any CPU
		{4C73E476-9024-4837-8024-54F16ADBF4D0}.Debug|Any CPU.ActiveCfg = Debug|Any CPU
		{4C73E476-9024-4837-8024-54F16ADBF4D0}.Debug|Any CPU.Build.0 = Debug|Any CPU
		{4C73E476-9024-4837-8024-54F16ADBF4D0}.Release|Any CPU.ActiveCfg = Release|Any CPU
		{4C73E476-9024-4837-8024-54F16ADBF4D0}.Release|Any CPU.Build.0 = Release|Any CPU
	EndGlobalSection
EndGlobal
